// !$*UTF8*$!
{
	archiveVersion = 1;
	classes = {
	};
	objectVersion = 77;
	objects = {

/* Begin PBXBuildFile section */
		3D2774132CE7CCF40010A19E /* CarPlay.framework in Frameworks */ = {isa = PBXBuildFile; fileRef = 3D2774122CE7CCF40010A19E /* CarPlay.framework */; platformFilter = ios; };
		3D2774152CE7CCFC0010A19E /* MapKit.framework in Frameworks */ = {isa = PBXBuildFile; fileRef = 3D2774142CE7CCFC0010A19E /* MapKit.framework */; };
/* End PBXBuildFile section */

/* Begin PBXContainerItemProxy section */
		3D5CA1002CE640CC0051B53A /* PBXContainerItemProxy */ = {
			isa = PBXContainerItemProxy;
			containerPortal = 3D5CA0E42CE640CB0051B53A /* Project object */;
			proxyType = 1;
			remoteGlobalIDString = 3D5CA0EB2CE640CB0051B53A;
			remoteInfo = "My Trips";
		};
		3D5CA10A2CE640CC0051B53A /* PBXContainerItemProxy */ = {
			isa = PBXContainerItemProxy;
			containerPortal = 3D5CA0E42CE640CB0051B53A /* Project object */;
			proxyType = 1;
			remoteGlobalIDString = 3D5CA0EB2CE640CB0051B53A;
			remoteInfo = "My Trips";
		};
/* End PBXContainerItemProxy section */

/* Begin PBXFileReference section */
		3D2774122CE7CCF40010A19E /* CarPlay.framework */ = {isa = PBXFileReference; lastKnownFileType = wrapper.framework; name = CarPlay.framework; path = Platforms/iPhoneOS.platform/Developer/SDKs/iPhoneOS18.1.sdk/System/Library/Frameworks/CarPlay.framework; sourceTree = DEVELOPER_DIR; };
		3D2774142CE7CCFC0010A19E /* MapKit.framework */ = {isa = PBXFileReference; lastKnownFileType = wrapper.framework; name = MapKit.framework; path = Platforms/iPhoneOS.platform/Developer/SDKs/iPhoneOS18.1.sdk/System/Library/Frameworks/MapKit.framework; sourceTree = DEVELOPER_DIR; };
		3D5CA0EC2CE640CB0051B53A /* MyTrips.app */ = {isa = PBXFileReference; explicitFileType = wrapper.application; includeInIndex = 0; path = MyTrips.app; sourceTree = BUILT_PRODUCTS_DIR; };
		3D5CA0FF2CE640CC0051B53A /* MyTripsTests.xctest */ = {isa = PBXFileReference; explicitFileType = wrapper.cfbundle; includeInIndex = 0; path = MyTripsTests.xctest; sourceTree = BUILT_PRODUCTS_DIR; };
		3D5CA1092CE640CC0051B53A /* MyTripsUITests.xctest */ = {isa = PBXFileReference; explicitFileType = wrapper.cfbundle; includeInIndex = 0; path = MyTripsUITests.xctest; sourceTree = BUILT_PRODUCTS_DIR; };
/* End PBXFileReference section */

/* Begin PBXFileSystemSynchronizedBuildFileExceptionSet section */
		3D2774182CE7CFF70010A19E /* Exceptions for "MyTrips" folder in "MyTrips" target */ = {
			isa = PBXFileSystemSynchronizedBuildFileExceptionSet;
			membershipExceptions = (
				Info.plist,
			);
			target = 3D5CA0EB2CE640CB0051B53A /* MyTrips */;
		};
/* End PBXFileSystemSynchronizedBuildFileExceptionSet section */

/* Begin PBXFileSystemSynchronizedRootGroup section */
		3D5CA0EE2CE640CB0051B53A /* MyTrips */ = {
			isa = PBXFileSystemSynchronizedRootGroup;
			exceptions = (
				3D2774182CE7CFF70010A19E /* Exceptions for "MyTrips" folder in "MyTrips" target */,
			);
			path = MyTrips;
			sourceTree = "<group>";
		};
		3D5CA1022CE640CC0051B53A /* MyTripsTests */ = {
			isa = PBXFileSystemSynchronizedRootGroup;
			path = MyTripsTests;
			sourceTree = "<group>";
		};
		3D5CA10C2CE640CD0051B53A /* MyTripsUITests */ = {
			isa = PBXFileSystemSynchronizedRootGroup;
			path = MyTripsUITests;
			sourceTree = "<group>";
		};
/* End PBXFileSystemSynchronizedRootGroup section */

/* Begin PBXFrameworksBuildPhase section */
		3D5CA0E92CE640CB0051B53A /* Frameworks */ = {
			isa = PBXFrameworksBuildPhase;
			buildActionMask = 2147483647;
			files = (
				3D2774152CE7CCFC0010A19E /* MapKit.framework in Frameworks */,
				3D2774132CE7CCF40010A19E /* CarPlay.framework in Frameworks */,
			);
			runOnlyForDeploymentPostprocessing = 0;
		};
		3D5CA0FC2CE640CC0051B53A /* Frameworks */ = {
			isa = PBXFrameworksBuildPhase;
			buildActionMask = 2147483647;
			files = (
			);
			runOnlyForDeploymentPostprocessing = 0;
		};
		3D5CA1062CE640CC0051B53A /* Frameworks */ = {
			isa = PBXFrameworksBuildPhase;
			buildActionMask = 2147483647;
			files = (
			);
			runOnlyForDeploymentPostprocessing = 0;
		};
/* End PBXFrameworksBuildPhase section */

/* Begin PBXGroup section */
		3D2774112CE7CCF40010A19E /* Frameworks */ = {
			isa = PBXGroup;
			children = (
				3D2774142CE7CCFC0010A19E /* MapKit.framework */,
				3D2774122CE7CCF40010A19E /* CarPlay.framework */,
			);
			name = Frameworks;
			sourceTree = "<group>";
		};
		3D5CA0E32CE640CB0051B53A = {
			isa = PBXGroup;
			children = (
				3D5CA0EE2CE640CB0051B53A /* MyTrips */,
				3D5CA1022CE640CC0051B53A /* MyTripsTests */,
				3D5CA10C2CE640CD0051B53A /* MyTripsUITests */,
				3D2774112CE7CCF40010A19E /* Frameworks */,
				3D5CA0ED2CE640CB0051B53A /* Products */,
			);
			sourceTree = "<group>";
		};
		3D5CA0ED2CE640CB0051B53A /* Products */ = {
			isa = PBXGroup;
			children = (
				3D5CA0EC2CE640CB0051B53A /* MyTrips.app */,
				3D5CA0FF2CE640CC0051B53A /* MyTripsTests.xctest */,
				3D5CA1092CE640CC0051B53A /* MyTripsUITests.xctest */,
			);
			name = Products;
			sourceTree = "<group>";
		};
/* End PBXGroup section */

/* Begin PBXNativeTarget section */
		3D5CA0EB2CE640CB0051B53A /* MyTrips */ = {
			isa = PBXNativeTarget;
			buildConfigurationList = 3D5CA1132CE640CD0051B53A /* Build configuration list for PBXNativeTarget "MyTrips" */;
			buildPhases = (
				3D5CA0E82CE640CB0051B53A /* Sources */,
				3D5CA0E92CE640CB0051B53A /* Frameworks */,
				3D5CA0EA2CE640CB0051B53A /* Resources */,
			);
			buildRules = (
			);
			dependencies = (
			);
			fileSystemSynchronizedGroups = (
				3D5CA0EE2CE640CB0051B53A /* MyTrips */,
			);
			name = MyTrips;
			packageProductDependencies = (
			);
			productName = "My Trips";
			productReference = 3D5CA0EC2CE640CB0051B53A /* MyTrips.app */;
			productType = "com.apple.product-type.application";
		};
		3D5CA0FE2CE640CC0051B53A /* MyTripsTests */ = {
			isa = PBXNativeTarget;
			buildConfigurationList = 3D5CA1162CE640CD0051B53A /* Build configuration list for PBXNativeTarget "MyTripsTests" */;
			buildPhases = (
				3D5CA0FB2CE640CC0051B53A /* Sources */,
				3D5CA0FC2CE640CC0051B53A /* Frameworks */,
				3D5CA0FD2CE640CC0051B53A /* Resources */,
			);
			buildRules = (
			);
			dependencies = (
				3D5CA1012CE640CC0051B53A /* PBXTargetDependency */,
			);
			fileSystemSynchronizedGroups = (
				3D5CA1022CE640CC0051B53A /* MyTripsTests */,
			);
			name = MyTripsTests;
			packageProductDependencies = (
			);
			productName = "My TripsTests";
			productReference = 3D5CA0FF2CE640CC0051B53A /* MyTripsTests.xctest */;
			productType = "com.apple.product-type.bundle.unit-test";
		};
		3D5CA1082CE640CC0051B53A /* MyTripsUITests */ = {
			isa = PBXNativeTarget;
			buildConfigurationList = 3D5CA1192CE640CD0051B53A /* Build configuration list for PBXNativeTarget "MyTripsUITests" */;
			buildPhases = (
				3D5CA1052CE640CC0051B53A /* Sources */,
				3D5CA1062CE640CC0051B53A /* Frameworks */,
				3D5CA1072CE640CC0051B53A /* Resources */,
			);
			buildRules = (
			);
			dependencies = (
				3D5CA10B2CE640CC0051B53A /* PBXTargetDependency */,
			);
			fileSystemSynchronizedGroups = (
				3D5CA10C2CE640CD0051B53A /* MyTripsUITests */,
			);
			name = MyTripsUITests;
			packageProductDependencies = (
			);
			productName = "My TripsUITests";
			productReference = 3D5CA1092CE640CC0051B53A /* MyTripsUITests.xctest */;
			productType = "com.apple.product-type.bundle.ui-testing";
		};
/* End PBXNativeTarget section */

/* Begin PBXProject section */
		3D5CA0E42CE640CB0051B53A /* Project object */ = {
			isa = PBXProject;
			attributes = {
				BuildIndependentTargetsInParallel = 1;
				CLASSPREFIX = GM;
				LastSwiftUpdateCheck = 1610;
				LastUpgradeCheck = 1610;
				TargetAttributes = {
					3D5CA0EB2CE640CB0051B53A = {
						CreatedOnToolsVersion = 16.1;
					};
					3D5CA0FE2CE640CC0051B53A = {
						CreatedOnToolsVersion = 16.1;
						TestTargetID = 3D5CA0EB2CE640CB0051B53A;
					};
					3D5CA1082CE640CC0051B53A = {
						CreatedOnToolsVersion = 16.1;
						TestTargetID = 3D5CA0EB2CE640CB0051B53A;
					};
				};
			};
			buildConfigurationList = 3D5CA0E72CE640CB0051B53A /* Build configuration list for PBXProject "MyTrips" */;
			developmentRegion = en;
			hasScannedForEncodings = 0;
			knownRegions = (
				en,
				Base,
			);
			mainGroup = 3D5CA0E32CE640CB0051B53A;
			minimizedProjectReferenceProxies = 1;
			preferredProjectObjectVersion = 77;
			productRefGroup = 3D5CA0ED2CE640CB0051B53A /* Products */;
			projectDirPath = "";
			projectRoot = "";
			targets = (
				3D5CA0EB2CE640CB0051B53A /* MyTrips */,
				3D5CA0FE2CE640CC0051B53A /* MyTripsTests */,
				3D5CA1082CE640CC0051B53A /* MyTripsUITests */,
			);
		};
/* End PBXProject section */

/* Begin PBXResourcesBuildPhase section */
		3D5CA0EA2CE640CB0051B53A /* Resources */ = {
			isa = PBXResourcesBuildPhase;
			buildActionMask = 2147483647;
			files = (
			);
			runOnlyForDeploymentPostprocessing = 0;
		};
		3D5CA0FD2CE640CC0051B53A /* Resources */ = {
			isa = PBXResourcesBuildPhase;
			buildActionMask = 2147483647;
			files = (
			);
			runOnlyForDeploymentPostprocessing = 0;
		};
		3D5CA1072CE640CC0051B53A /* Resources */ = {
			isa = PBXResourcesBuildPhase;
			buildActionMask = 2147483647;
			files = (
			);
			runOnlyForDeploymentPostprocessing = 0;
		};
/* End PBXResourcesBuildPhase section */

/* Begin PBXSourcesBuildPhase section */
		3D5CA0E82CE640CB0051B53A /* Sources */ = {
			isa = PBXSourcesBuildPhase;
			buildActionMask = 2147483647;
			files = (
			);
			runOnlyForDeploymentPostprocessing = 0;
		};
		3D5CA0FB2CE640CC0051B53A /* Sources */ = {
			isa = PBXSourcesBuildPhase;
			buildActionMask = 2147483647;
			files = (
			);
			runOnlyForDeploymentPostprocessing = 0;
		};
		3D5CA1052CE640CC0051B53A /* Sources */ = {
			isa = PBXSourcesBuildPhase;
			buildActionMask = 2147483647;
			files = (
			);
			runOnlyForDeploymentPostprocessing = 0;
		};
/* End PBXSourcesBuildPhase section */

/* Begin PBXTargetDependency section */
		3D5CA1012CE640CC0051B53A /* PBXTargetDependency */ = {
			isa = PBXTargetDependency;
			target = 3D5CA0EB2CE640CB0051B53A /* MyTrips */;
			targetProxy = 3D5CA1002CE640CC0051B53A /* PBXContainerItemProxy */;
		};
		3D5CA10B2CE640CC0051B53A /* PBXTargetDependency */ = {
			isa = PBXTargetDependency;
			target = 3D5CA0EB2CE640CB0051B53A /* MyTrips */;
			targetProxy = 3D5CA10A2CE640CC0051B53A /* PBXContainerItemProxy */;
		};
/* End PBXTargetDependency section */

/* Begin XCBuildConfiguration section */
		3D5CA1112CE640CD0051B53A /* Debug */ = {
			isa = XCBuildConfiguration;
			buildSettings = {
				ALWAYS_SEARCH_USER_PATHS = NO;
				ASSETCATALOG_COMPILER_GENERATE_SWIFT_ASSET_SYMBOL_EXTENSIONS = YES;
				CLANG_ANALYZER_NONNULL = YES;
				CLANG_ANALYZER_NUMBER_OBJECT_CONVERSION = YES_AGGRESSIVE;
				CLANG_CXX_LANGUAGE_STANDARD = "gnu++20";
				CLANG_ENABLE_MODULES = YES;
				CLANG_ENABLE_OBJC_ARC = YES;
				CLANG_ENABLE_OBJC_WEAK = YES;
				CLANG_WARN_BLOCK_CAPTURE_AUTORELEASING = YES;
				CLANG_WARN_BOOL_CONVERSION = YES;
				CLANG_WARN_COMMA = YES;
				CLANG_WARN_CONSTANT_CONVERSION = YES;
				CLANG_WARN_DEPRECATED_OBJC_IMPLEMENTATIONS = YES;
				CLANG_WARN_DIRECT_OBJC_ISA_USAGE = YES_ERROR;
				CLANG_WARN_DOCUMENTATION_COMMENTS = YES;
				CLANG_WARN_EMPTY_BODY = YES;
				CLANG_WARN_ENUM_CONVERSION = YES;
				CLANG_WARN_INFINITE_RECURSION = YES;
				CLANG_WARN_INT_CONVERSION = YES;
				CLANG_WARN_NON_LITERAL_NULL_CONVERSION = YES;
				CLANG_WARN_OBJC_IMPLICIT_RETAIN_SELF = YES;
				CLANG_WARN_OBJC_LITERAL_CONVERSION = YES;
				CLANG_WARN_OBJC_ROOT_CLASS = YES_ERROR;
				CLANG_WARN_QUOTED_INCLUDE_IN_FRAMEWORK_HEADER = YES;
				CLANG_WARN_RANGE_LOOP_ANALYSIS = YES;
				CLANG_WARN_STRICT_PROTOTYPES = YES;
				CLANG_WARN_SUSPICIOUS_MOVE = YES;
				CLANG_WARN_UNGUARDED_AVAILABILITY = YES_AGGRESSIVE;
				CLANG_WARN_UNREACHABLE_CODE = YES;
				CLANG_WARN__DUPLICATE_METHOD_MATCH = YES;
				COPY_PHASE_STRIP = NO;
				DEBUG_INFORMATION_FORMAT = dwarf;
				ENABLE_STRICT_OBJC_MSGSEND = YES;
				ENABLE_TESTABILITY = YES;
				ENABLE_USER_SCRIPT_SANDBOXING = YES;
				GCC_C_LANGUAGE_STANDARD = gnu17;
				GCC_DYNAMIC_NO_PIC = NO;
				GCC_NO_COMMON_BLOCKS = YES;
				GCC_OPTIMIZATION_LEVEL = 0;
				GCC_PREPROCESSOR_DEFINITIONS = (
					"DEBUG=1",
					"$(inherited)",
				);
				GCC_WARN_64_TO_32_BIT_CONVERSION = YES;
				GCC_WARN_ABOUT_RETURN_TYPE = YES_ERROR;
				GCC_WARN_UNDECLARED_SELECTOR = YES;
				GCC_WARN_UNINITIALIZED_AUTOS = YES_AGGRESSIVE;
				GCC_WARN_UNUSED_FUNCTION = YES;
				GCC_WARN_UNUSED_VARIABLE = YES;
				LOCALIZATION_PREFERS_STRING_CATALOGS = YES;
				MTL_ENABLE_DEBUG_INFO = INCLUDE_SOURCE;
				MTL_FAST_MATH = YES;
				ONLY_ACTIVE_ARCH = YES;
				SWIFT_ACTIVE_COMPILATION_CONDITIONS = "DEBUG $(inherited)";
				SWIFT_OPTIMIZATION_LEVEL = "-Onone";
			};
			name = Debug;
		};
		3D5CA1122CE640CD0051B53A /* Release */ = {
			isa = XCBuildConfiguration;
			buildSettings = {
				ALWAYS_SEARCH_USER_PATHS = NO;
				ASSETCATALOG_COMPILER_GENERATE_SWIFT_ASSET_SYMBOL_EXTENSIONS = YES;
				CLANG_ANALYZER_NONNULL = YES;
				CLANG_ANALYZER_NUMBER_OBJECT_CONVERSION = YES_AGGRESSIVE;
				CLANG_CXX_LANGUAGE_STANDARD = "gnu++20";
				CLANG_ENABLE_MODULES = YES;
				CLANG_ENABLE_OBJC_ARC = YES;
				CLANG_ENABLE_OBJC_WEAK = YES;
				CLANG_WARN_BLOCK_CAPTURE_AUTORELEASING = YES;
				CLANG_WARN_BOOL_CONVERSION = YES;
				CLANG_WARN_COMMA = YES;
				CLANG_WARN_CONSTANT_CONVERSION = YES;
				CLANG_WARN_DEPRECATED_OBJC_IMPLEMENTATIONS = YES;
				CLANG_WARN_DIRECT_OBJC_ISA_USAGE = YES_ERROR;
				CLANG_WARN_DOCUMENTATION_COMMENTS = YES;
				CLANG_WARN_EMPTY_BODY = YES;
				CLANG_WARN_ENUM_CONVERSION = YES;
				CLANG_WARN_INFINITE_RECURSION = YES;
				CLANG_WARN_INT_CONVERSION = YES;
				CLANG_WARN_NON_LITERAL_NULL_CONVERSION = YES;
				CLANG_WARN_OBJC_IMPLICIT_RETAIN_SELF = YES;
				CLANG_WARN_OBJC_LITERAL_CONVERSION = YES;
				CLANG_WARN_OBJC_ROOT_CLASS = YES_ERROR;
				CLANG_WARN_QUOTED_INCLUDE_IN_FRAMEWORK_HEADER = YES;
				CLANG_WARN_RANGE_LOOP_ANALYSIS = YES;
				CLANG_WARN_STRICT_PROTOTYPES = YES;
				CLANG_WARN_SUSPICIOUS_MOVE = YES;
				CLANG_WARN_UNGUARDED_AVAILABILITY = YES_AGGRESSIVE;
				CLANG_WARN_UNREACHABLE_CODE = YES;
				CLANG_WARN__DUPLICATE_METHOD_MATCH = YES;
				COPY_PHASE_STRIP = NO;
				DEBUG_INFORMATION_FORMAT = "dwarf-with-dsym";
				ENABLE_NS_ASSERTIONS = NO;
				ENABLE_STRICT_OBJC_MSGSEND = YES;
				ENABLE_USER_SCRIPT_SANDBOXING = YES;
				GCC_C_LANGUAGE_STANDARD = gnu17;
				GCC_NO_COMMON_BLOCKS = YES;
				GCC_WARN_64_TO_32_BIT_CONVERSION = YES;
				GCC_WARN_ABOUT_RETURN_TYPE = YES_ERROR;
				GCC_WARN_UNDECLARED_SELECTOR = YES;
				GCC_WARN_UNINITIALIZED_AUTOS = YES_AGGRESSIVE;
				GCC_WARN_UNUSED_FUNCTION = YES;
				GCC_WARN_UNUSED_VARIABLE = YES;
				LOCALIZATION_PREFERS_STRING_CATALOGS = YES;
				MTL_ENABLE_DEBUG_INFO = NO;
				MTL_FAST_MATH = YES;
				SWIFT_COMPILATION_MODE = wholemodule;
			};
			name = Release;
		};
		3D5CA1142CE640CD0051B53A /* Debug */ = {
			isa = XCBuildConfiguration;
			buildSettings = {
				ASSETCATALOG_COMPILER_APPICON_NAME = AppIcon;
				ASSETCATALOG_COMPILER_GLOBAL_ACCENT_COLOR_NAME = AccentColor;
				CODE_SIGN_ENTITLEMENTS = "$(SRCROOT)/$(PROJECT_NAME)/$(PROJECT_NAME).entitlements";
				CODE_SIGN_IDENTITY = "Apple Development";
				CODE_SIGN_STYLE = Automatic;
				CURRENT_PROJECT_VERSION = 1;
				DEVELOPMENT_ASSET_PATHS = "\"MyTrips/Preview Content\"";
				DEVELOPMENT_TEAM = RRF7B9FTY3;
				ENABLE_HARDENED_RUNTIME = YES;
				ENABLE_PREVIEWS = YES;
				INFOPLIST_FILE = "$(PROJECT_NAME)/Info.plist";
				IPHONEOS_DEPLOYMENT_TARGET = 18.1;
				LD_RUNPATH_SEARCH_PATHS = "@executable_path/Frameworks";
				"LD_RUNPATH_SEARCH_PATHS[sdk=macosx*]" = "@executable_path/../Frameworks";
				MACOSX_DEPLOYMENT_TARGET = 14.0;
				MARKETING_VERSION = 1.0;
				PRODUCT_BUNDLE_IDENTIFIER = com.gastonmorixe.mytrips;
				PRODUCT_NAME = "$(TARGET_NAME)";
				PROVISIONING_PROFILE_SPECIFIER = "";
				SDKROOT = auto;
				SUPPORTED_PLATFORMS = "iphoneos iphonesimulator";
				SUPPORTS_MACCATALYST = NO;
				SWIFT_EMIT_LOC_STRINGS = YES;
				SWIFT_VERSION = 5.0;
				TARGETED_DEVICE_FAMILY = 1;
				XROS_DEPLOYMENT_TARGET = 2.1;
			};
			name = Debug;
		};
		3D5CA1152CE640CD0051B53A /* Release */ = {
			isa = XCBuildConfiguration;
			buildSettings = {
				ASSETCATALOG_COMPILER_APPICON_NAME = AppIcon;
				ASSETCATALOG_COMPILER_GLOBAL_ACCENT_COLOR_NAME = AccentColor;
				CODE_SIGN_ENTITLEMENTS = "$(SRCROOT)/$(PROJECT_NAME)/$(PROJECT_NAME).entitlements";
				CODE_SIGN_IDENTITY = "Apple Development";
				CODE_SIGN_STYLE = Automatic;
				CURRENT_PROJECT_VERSION = 1;
				DEVELOPMENT_ASSET_PATHS = "\"MyTrips/Preview Content\"";
				DEVELOPMENT_TEAM = RRF7B9FTY3;
				ENABLE_HARDENED_RUNTIME = YES;
				ENABLE_PREVIEWS = YES;
				INFOPLIST_FILE = "$(PROJECT_NAME)/Info.plist";
				IPHONEOS_DEPLOYMENT_TARGET = 18.1;
				LD_RUNPATH_SEARCH_PATHS = "@executable_path/Frameworks";
				"LD_RUNPATH_SEARCH_PATHS[sdk=macosx*]" = "@executable_path/../Frameworks";
				MACOSX_DEPLOYMENT_TARGET = 14.0;
				MARKETING_VERSION = 1.0;
				PRODUCT_BUNDLE_IDENTIFIER = com.gastonmorixe.mytrips;
				PRODUCT_NAME = "$(TARGET_NAME)";
				PROVISIONING_PROFILE_SPECIFIER = "";
				SDKROOT = auto;
				SUPPORTED_PLATFORMS = "iphoneos iphonesimulator";
				SUPPORTS_MACCATALYST = NO;
				SWIFT_EMIT_LOC_STRINGS = YES;
				SWIFT_VERSION = 5.0;
				TARGETED_DEVICE_FAMILY = 1;
				XROS_DEPLOYMENT_TARGET = 2.1;
			};
			name = Release;
		};
		3D5CA1172CE640CD0051B53A /* Debug */ = {
			isa = XCBuildConfiguration;
			buildSettings = {
				BUNDLE_LOADER = "$(TEST_HOST)";
				CODE_SIGN_STYLE = Automatic;
				CURRENT_PROJECT_VERSION = 1;
				DEVELOPMENT_TEAM = RRF7B9FTY3;
				GENERATE_INFOPLIST_FILE = YES;
				IPHONEOS_DEPLOYMENT_TARGET = 18.1;
				MACOSX_DEPLOYMENT_TARGET = 15.1;
				MARKETING_VERSION = 1.0;
				PRODUCT_BUNDLE_IDENTIFIER = "com.gastonmorixe.My-TripsTests";
				PRODUCT_NAME = "$(TARGET_NAME)";
				SDKROOT = auto;
				SUPPORTED_PLATFORMS = "iphoneos iphonesimulator macosx xros xrsimulator";
				SWIFT_EMIT_LOC_STRINGS = NO;
				SWIFT_VERSION = 5.0;
				TARGETED_DEVICE_FAMILY = "1,2,7";
				TEST_HOST = "$(BUILT_PRODUCTS_DIR)/MyTrips.app/$(BUNDLE_EXECUTABLE_FOLDER_PATH)/MyTrips";
				XROS_DEPLOYMENT_TARGET = 2.1;
			};
			name = Debug;
		};
		3D5CA1182CE640CD0051B53A /* Release */ = {
			isa = XCBuildConfiguration;
			buildSettings = {
				BUNDLE_LOADER = "$(TEST_HOST)";
				CODE_SIGN_STYLE = Automatic;
				CURRENT_PROJECT_VERSION = 1;
				DEVELOPMENT_TEAM = RRF7B9FTY3;
				GENERATE_INFOPLIST_FILE = YES;
				IPHONEOS_DEPLOYMENT_TARGET = 18.1;
				MACOSX_DEPLOYMENT_TARGET = 15.1;
				MARKETING_VERSION = 1.0;
				PRODUCT_BUNDLE_IDENTIFIER = "com.gastonmorixe.My-TripsTests";
				PRODUCT_NAME = "$(TARGET_NAME)";
				SDKROOT = auto;
				SUPPORTED_PLATFORMS = "iphoneos iphonesimulator macosx xros xrsimulator";
				SWIFT_EMIT_LOC_STRINGS = NO;
				SWIFT_VERSION = 5.0;
				TARGETED_DEVICE_FAMILY = "1,2,7";
				TEST_HOST = "$(BUILT_PRODUCTS_DIR)/MyTrips.app/$(BUNDLE_EXECUTABLE_FOLDER_PATH)/MyTrips";
				XROS_DEPLOYMENT_TARGET = 2.1;
			};
			name = Release;
		};
		3D5CA11A2CE640CD0051B53A /* Debug */ = {
			isa = XCBuildConfiguration;
			buildSettings = {
				CODE_SIGN_STYLE = Automatic;
				CURRENT_PROJECT_VERSION = 1;
				DEVELOPMENT_TEAM = RRF7B9FTY3;
				GENERATE_INFOPLIST_FILE = YES;
				IPHONEOS_DEPLOYMENT_TARGET = 18.1;
				MACOSX_DEPLOYMENT_TARGET = 15.1;
				MARKETING_VERSION = 1.0;
				PRODUCT_BUNDLE_IDENTIFIER = "com.gastonmorixe.My-TripsUITests";
				PRODUCT_NAME = "$(TARGET_NAME)";
				SDKROOT = auto;
				SUPPORTED_PLATFORMS = "iphoneos iphonesimulator macosx xros xrsimulator";
				SWIFT_EMIT_LOC_STRINGS = NO;
				SWIFT_VERSION = 5.0;
				TARGETED_DEVICE_FAMILY = "1,2,7";
				TEST_TARGET_NAME = "My Trips";
				XROS_DEPLOYMENT_TARGET = 2.1;
			};
			name = Debug;
		};
		3D5CA11B2CE640CD0051B53A /* Release */ = {
			isa = XCBuildConfiguration;
			buildSettings = {
				CODE_SIGN_STYLE = Automatic;
				CURRENT_PROJECT_VERSION = 1;
				DEVELOPMENT_TEAM = RRF7B9FTY3;
				GENERATE_INFOPLIST_FILE = YES;
				IPHONEOS_DEPLOYMENT_TARGET = 18.1;
				MACOSX_DEPLOYMENT_TARGET = 15.1;
				MARKETING_VERSION = 1.0;
				PRODUCT_BUNDLE_IDENTIFIER = "com.gastonmorixe.My-TripsUITests";
				PRODUCT_NAME = "$(TARGET_NAME)";
				SDKROOT = auto;
				SUPPORTED_PLATFORMS = "iphoneos iphonesimulator macosx xros xrsimulator";
				SWIFT_EMIT_LOC_STRINGS = NO;
				SWIFT_VERSION = 5.0;
				TARGETED_DEVICE_FAMILY = "1,2,7";
				TEST_TARGET_NAME = "My Trips";
				XROS_DEPLOYMENT_TARGET = 2.1;
			};
			name = Release;
		};
/* End XCBuildConfiguration section */

/* Begin XCConfigurationList section */
		3D5CA0E72CE640CB0051B53A /* Build configuration list for PBXProject "MyTrips" */ = {
			isa = XCConfigurationList;
			buildConfigurations = (
				3D5CA1112CE640CD0051B53A /* Debug */,
				3D5CA1122CE640CD0051B53A /* Release */,
			);
			defaultConfigurationIsVisible = 0;
			defaultConfigurationName = Release;
		};
		3D5CA1132CE640CD0051B53A /* Build configuration list for PBXNativeTarget "MyTrips" */ = {
			isa = XCConfigurationList;
			buildConfigurations = (
				3D5CA1142CE640CD0051B53A /* Debug */,
				3D5CA1152CE640CD0051B53A /* Release */,
			);
			defaultConfigurationIsVisible = 0;
			defaultConfigurationName = Release;
		};
		3D5CA1162CE640CD0051B53A /* Build configuration list for PBXNativeTarget "MyTripsTests" */ = {
			isa = XCConfigurationList;
			buildConfigurations = (
				3D5CA1172CE640CD0051B53A /* Debug */,
				3D5CA1182CE640CD0051B53A /* Release */,
			);
			defaultConfigurationIsVisible = 0;
			defaultConfigurationName = Release;
		};
		3D5CA1192CE640CD0051B53A /* Build configuration list for PBXNativeTarget "MyTripsUITests" */ = {
			isa = XCConfigurationList;
			buildConfigurations = (
				3D5CA11A2CE640CD0051B53A /* Debug */,
				3D5CA11B2CE640CD0051B53A /* Release */,
			);
			defaultConfigurationIsVisible = 0;
			defaultConfigurationName = Release;
		};
/* End XCConfigurationList section */
	};
	rootObject = 3D5CA0E42CE640CB0051B53A /* Project object */;
}
